// !$*UTF8*$!
{
	archiveVersion = 1;
	classes = {
	};
	objectVersion = 55;
	objects = {

/* Begin PBXBuildFile section */
		342CFB5828211DFA00CDF615 /* CocktailsHeaderView.swift in Sources */ = {isa = PBXBuildFile; fileRef = 342CFB5728211DFA00CDF615 /* CocktailsHeaderView.swift */; };
		342CFB5B2821234100CDF615 /* APICaller.swift in Sources */ = {isa = PBXBuildFile; fileRef = 342CFB5A2821234100CDF615 /* APICaller.swift */; };
		342CFB5E2821257000CDF615 /* CocktailResponse.swift in Sources */ = {isa = PBXBuildFile; fileRef = 342CFB5D2821257000CDF615 /* CocktailResponse.swift */; };
		342CFB6028212DB900CDF615 /* CocktailCollectionViewCell.swift in Sources */ = {isa = PBXBuildFile; fileRef = 342CFB5F28212DB900CDF615 /* CocktailCollectionViewCell.swift */; };
		342CFB6328212FA800CDF615 /* SDWebImage in Frameworks */ = {isa = PBXBuildFile; productRef = 342CFB6228212FA800CDF615 /* SDWebImage */; };
		342CFB6528212FA800CDF615 /* SDWebImageMapKit in Frameworks */ = {isa = PBXBuildFile; productRef = 342CFB6428212FA800CDF615 /* SDWebImageMapKit */; };
		3453BC55282653CD009DBA59 /* CocktailDetailViewController.swift in Sources */ = {isa = PBXBuildFile; fileRef = 3453BC54282653CD009DBA59 /* CocktailDetailViewController.swift */; };
		3453BC572826824E009DBA59 /* Cocktail.swift in Sources */ = {isa = PBXBuildFile; fileRef = 3453BC562826824E009DBA59 /* Cocktail.swift */; };
		3453BC592826951D009DBA59 /* IngredientTableViewCell.swift in Sources */ = {isa = PBXBuildFile; fileRef = 3453BC582826951D009DBA59 /* IngredientTableViewCell.swift */; };
		3453BC5C2826A611009DBA59 /* OrderedCollections in Frameworks */ = {isa = PBXBuildFile; productRef = 3453BC5B2826A611009DBA59 /* OrderedCollections */; };
		347AB8002827B98F005CF05F /* DataPersistenceManager.swift in Sources */ = {isa = PBXBuildFile; fileRef = 347AB7FF2827B98F005CF05F /* DataPersistenceManager.swift */; };
		34A5AE652820778E00EEE470 /* AppDelegate.swift in Sources */ = {isa = PBXBuildFile; fileRef = 34A5AE642820778E00EEE470 /* AppDelegate.swift */; };
		34A5AE672820778E00EEE470 /* SceneDelegate.swift in Sources */ = {isa = PBXBuildFile; fileRef = 34A5AE662820778E00EEE470 /* SceneDelegate.swift */; };
		34A5AE692820778E00EEE470 /* HomeViewController.swift in Sources */ = {isa = PBXBuildFile; fileRef = 34A5AE682820778E00EEE470 /* HomeViewController.swift */; };
		34A5AE6E2820779100EEE470 /* Assets.xcassets in Resources */ = {isa = PBXBuildFile; fileRef = 34A5AE6D2820779100EEE470 /* Assets.xcassets */; };
		34A5AE712820779100EEE470 /* LaunchScreen.storyboard in Resources */ = {isa = PBXBuildFile; fileRef = 34A5AE6F2820779100EEE470 /* LaunchScreen.storyboard */; };
		34A5AE79282077F200EEE470 /* MainTabBarController.swift in Sources */ = {isa = PBXBuildFile; fileRef = 34A5AE78282077F200EEE470 /* MainTabBarController.swift */; };
		34A5AE7B2820787500EEE470 /* FavouritesViewController.swift in Sources */ = {isa = PBXBuildFile; fileRef = 34A5AE7A2820787500EEE470 /* FavouritesViewController.swift */; };
		34A5AE7D282078AB00EEE470 /* SearchViewController.swift in Sources */ = {isa = PBXBuildFile; fileRef = 34A5AE7C282078AB00EEE470 /* SearchViewController.swift */; };
		34A5AE80282078E000EEE470 /* NearMeViewController.swift in Sources */ = {isa = PBXBuildFile; fileRef = 34A5AE7F282078E000EEE470 /* NearMeViewController.swift */; };
		34A5AE8228207DC700EEE470 /* .gitignore in Resources */ = {isa = PBXBuildFile; fileRef = 34A5AE8128207DC700EEE470 /* .gitignore */; };
		34A5AE85282081E000EEE470 /* CollectionViewTableViewCell.swift in Sources */ = {isa = PBXBuildFile; fileRef = 34A5AE84282081E000EEE470 /* CollectionViewTableViewCell.swift */; };
/* End PBXBuildFile section */

/* Begin PBXFileReference section */
		342CFB5728211DFA00CDF615 /* CocktailsHeaderView.swift */ = {isa = PBXFileReference; lastKnownFileType = sourcecode.swift; path = CocktailsHeaderView.swift; sourceTree = "<group>"; };
		342CFB5A2821234100CDF615 /* APICaller.swift */ = {isa = PBXFileReference; lastKnownFileType = sourcecode.swift; path = APICaller.swift; sourceTree = "<group>"; };
		342CFB5D2821257000CDF615 /* CocktailResponse.swift */ = {isa = PBXFileReference; lastKnownFileType = sourcecode.swift; path = CocktailResponse.swift; sourceTree = "<group>"; };
		342CFB5F28212DB900CDF615 /* CocktailCollectionViewCell.swift */ = {isa = PBXFileReference; lastKnownFileType = sourcecode.swift; path = CocktailCollectionViewCell.swift; sourceTree = "<group>"; };
		3453BC54282653CD009DBA59 /* CocktailDetailViewController.swift */ = {isa = PBXFileReference; lastKnownFileType = sourcecode.swift; path = CocktailDetailViewController.swift; sourceTree = "<group>"; };
		3453BC562826824E009DBA59 /* Cocktail.swift */ = {isa = PBXFileReference; lastKnownFileType = sourcecode.swift; path = Cocktail.swift; sourceTree = "<group>"; };
		3453BC582826951D009DBA59 /* IngredientTableViewCell.swift */ = {isa = PBXFileReference; lastKnownFileType = sourcecode.swift; path = IngredientTableViewCell.swift; sourceTree = "<group>"; };
		347AB7FF2827B98F005CF05F /* DataPersistenceManager.swift */ = {isa = PBXFileReference; lastKnownFileType = sourcecode.swift; path = DataPersistenceManager.swift; sourceTree = "<group>"; };
		34A5AE612820778E00EEE470 /* Cocktails.app */ = {isa = PBXFileReference; explicitFileType = wrapper.application; includeInIndex = 0; path = Cocktails.app; sourceTree = BUILT_PRODUCTS_DIR; };
		34A5AE642820778E00EEE470 /* AppDelegate.swift */ = {isa = PBXFileReference; lastKnownFileType = sourcecode.swift; path = AppDelegate.swift; sourceTree = "<group>"; };
		34A5AE662820778E00EEE470 /* SceneDelegate.swift */ = {isa = PBXFileReference; lastKnownFileType = sourcecode.swift; path = SceneDelegate.swift; sourceTree = "<group>"; };
		34A5AE682820778E00EEE470 /* HomeViewController.swift */ = {isa = PBXFileReference; lastKnownFileType = sourcecode.swift; path = HomeViewController.swift; sourceTree = "<group>"; };
		34A5AE6D2820779100EEE470 /* Assets.xcassets */ = {isa = PBXFileReference; lastKnownFileType = folder.assetcatalog; path = Assets.xcassets; sourceTree = "<group>"; };
		34A5AE702820779100EEE470 /* Base */ = {isa = PBXFileReference; lastKnownFileType = file.storyboard; name = Base; path = Base.lproj/LaunchScreen.storyboard; sourceTree = "<group>"; };
		34A5AE722820779100EEE470 /* Info.plist */ = {isa = PBXFileReference; lastKnownFileType = text.plist.xml; path = Info.plist; sourceTree = "<group>"; };
		34A5AE78282077F200EEE470 /* MainTabBarController.swift */ = {isa = PBXFileReference; lastKnownFileType = sourcecode.swift; path = MainTabBarController.swift; sourceTree = "<group>"; };
		34A5AE7A2820787500EEE470 /* FavouritesViewController.swift */ = {isa = PBXFileReference; lastKnownFileType = sourcecode.swift; path = FavouritesViewController.swift; sourceTree = "<group>"; };
		34A5AE7C282078AB00EEE470 /* SearchViewController.swift */ = {isa = PBXFileReference; lastKnownFileType = sourcecode.swift; path = SearchViewController.swift; sourceTree = "<group>"; };
		34A5AE7F282078E000EEE470 /* NearMeViewController.swift */ = {isa = PBXFileReference; lastKnownFileType = sourcecode.swift; path = NearMeViewController.swift; sourceTree = "<group>"; };
		34A5AE8128207DC700EEE470 /* .gitignore */ = {isa = PBXFileReference; lastKnownFileType = text; path = .gitignore; sourceTree = "<group>"; };
		34A5AE84282081E000EEE470 /* CollectionViewTableViewCell.swift */ = {isa = PBXFileReference; lastKnownFileType = sourcecode.swift; path = CollectionViewTableViewCell.swift; sourceTree = "<group>"; };
/* End PBXFileReference section */

/* Begin PBXFrameworksBuildPhase section */
		34A5AE5E2820778E00EEE470 /* Frameworks */ = {
			isa = PBXFrameworksBuildPhase;
			buildActionMask = 2147483647;
			files = (
				342CFB6528212FA800CDF615 /* SDWebImageMapKit in Frameworks */,
				342CFB6328212FA800CDF615 /* SDWebImage in Frameworks */,
				3453BC5C2826A611009DBA59 /* OrderedCollections in Frameworks */,
			);
			runOnlyForDeploymentPostprocessing = 0;
		};
/* End PBXFrameworksBuildPhase section */

/* Begin PBXGroup section */
		342CFB59282122EE00CDF615 /* Managers */ = {
			isa = PBXGroup;
			children = (
				342CFB5A2821234100CDF615 /* APICaller.swift */,
				347AB7FF2827B98F005CF05F /* DataPersistenceManager.swift */,
			);
			path = Managers;
			sourceTree = "<group>";
		};
		342CFB5C282124C200CDF615 /* Models */ = {
			isa = PBXGroup;
			children = (
				342CFB5D2821257000CDF615 /* CocktailResponse.swift */,
				3453BC562826824E009DBA59 /* Cocktail.swift */,
			);
			path = Models;
			sourceTree = "<group>";
		};
		34A5AE582820778E00EEE470 = {
			isa = PBXGroup;
			children = (
				34A5AE632820778E00EEE470 /* Cocktails */,
				34A5AE622820778E00EEE470 /* Products */,
			);
			sourceTree = "<group>";
		};
		34A5AE622820778E00EEE470 /* Products */ = {
			isa = PBXGroup;
			children = (
				34A5AE612820778E00EEE470 /* Cocktails.app */,
			);
			name = Products;
			sourceTree = "<group>";
		};
		34A5AE632820778E00EEE470 /* Cocktails */ = {
			isa = PBXGroup;
			children = (
				342CFB5C282124C200CDF615 /* Models */,
				342CFB59282122EE00CDF615 /* Managers */,
				34A5AE832820818600EEE470 /* Views */,
				34A5AE7E282078B500EEE470 /* Controllers */,
				34A5AE642820778E00EEE470 /* AppDelegate.swift */,
				34A5AE662820778E00EEE470 /* SceneDelegate.swift */,
				34A5AE6D2820779100EEE470 /* Assets.xcassets */,
				34A5AE6F2820779100EEE470 /* LaunchScreen.storyboard */,
				34A5AE722820779100EEE470 /* Info.plist */,
				34A5AE8128207DC700EEE470 /* .gitignore */,
			);
			path = Cocktails;
			sourceTree = "<group>";
		};
		34A5AE7E282078B500EEE470 /* Controllers */ = {
			isa = PBXGroup;
			children = (
				34A5AE78282077F200EEE470 /* MainTabBarController.swift */,
				34A5AE682820778E00EEE470 /* HomeViewController.swift */,
				34A5AE7A2820787500EEE470 /* FavouritesViewController.swift */,
				34A5AE7C282078AB00EEE470 /* SearchViewController.swift */,
				34A5AE7F282078E000EEE470 /* NearMeViewController.swift */,
				3453BC54282653CD009DBA59 /* CocktailDetailViewController.swift */,
			);
			path = Controllers;
			sourceTree = "<group>";
		};
		34A5AE832820818600EEE470 /* Views */ = {
			isa = PBXGroup;
			children = (
				34A5AE84282081E000EEE470 /* CollectionViewTableViewCell.swift */,
				342CFB5728211DFA00CDF615 /* CocktailsHeaderView.swift */,
				342CFB5F28212DB900CDF615 /* CocktailCollectionViewCell.swift */,
				3453BC582826951D009DBA59 /* IngredientTableViewCell.swift */,
			);
			path = Views;
			sourceTree = "<group>";
		};
/* End PBXGroup section */

/* Begin PBXNativeTarget section */
		34A5AE602820778E00EEE470 /* Cocktails */ = {
			isa = PBXNativeTarget;
			buildConfigurationList = 34A5AE752820779100EEE470 /* Build configuration list for PBXNativeTarget "Cocktails" */;
			buildPhases = (
				34A5AE5D2820778E00EEE470 /* Sources */,
				34A5AE5E2820778E00EEE470 /* Frameworks */,
				34A5AE5F2820778E00EEE470 /* Resources */,
			);
			buildRules = (
			);
			dependencies = (
			);
			name = Cocktails;
			packageProductDependencies = (
				342CFB6228212FA800CDF615 /* SDWebImage */,
				342CFB6428212FA800CDF615 /* SDWebImageMapKit */,
				3453BC5B2826A611009DBA59 /* OrderedCollections */,
			);
			productName = Cocktails;
			productReference = 34A5AE612820778E00EEE470 /* Cocktails.app */;
			productType = "com.apple.product-type.application";
		};
/* End PBXNativeTarget section */

/* Begin PBXProject section */
		34A5AE592820778E00EEE470 /* Project object */ = {
			isa = PBXProject;
			attributes = {
				BuildIndependentTargetsInParallel = 1;
				LastSwiftUpdateCheck = 1330;
				LastUpgradeCheck = 1330;
				TargetAttributes = {
					34A5AE602820778E00EEE470 = {
						CreatedOnToolsVersion = 13.3;
					};
				};
			};
			buildConfigurationList = 34A5AE5C2820778E00EEE470 /* Build configuration list for PBXProject "Cocktails" */;
			compatibilityVersion = "Xcode 13.0";
			developmentRegion = en;
			hasScannedForEncodings = 0;
			knownRegions = (
				en,
				Base,
			);
			mainGroup = 34A5AE582820778E00EEE470;
			packageReferences = (
				342CFB6128212FA800CDF615 /* XCRemoteSwiftPackageReference "SDWebImage" */,
				3453BC5A2826A611009DBA59 /* XCRemoteSwiftPackageReference "swift-collections" */,
			);
			productRefGroup = 34A5AE622820778E00EEE470 /* Products */;
			projectDirPath = "";
			projectRoot = "";
			targets = (
				34A5AE602820778E00EEE470 /* Cocktails */,
			);
		};
/* End PBXProject section */

/* Begin PBXResourcesBuildPhase section */
		34A5AE5F2820778E00EEE470 /* Resources */ = {
			isa = PBXResourcesBuildPhase;
			buildActionMask = 2147483647;
			files = (
				34A5AE712820779100EEE470 /* LaunchScreen.storyboard in Resources */,
				34A5AE8228207DC700EEE470 /* .gitignore in Resources */,
				34A5AE6E2820779100EEE470 /* Assets.xcassets in Resources */,
			);
			runOnlyForDeploymentPostprocessing = 0;
		};
/* End PBXResourcesBuildPhase section */

/* Begin PBXSourcesBuildPhase section */
		34A5AE5D2820778E00EEE470 /* Sources */ = {
			isa = PBXSourcesBuildPhase;
			buildActionMask = 2147483647;
			files = (
				342CFB5E2821257000CDF615 /* CocktailResponse.swift in Sources */,
				347AB8002827B98F005CF05F /* DataPersistenceManager.swift in Sources */,
				34A5AE7D282078AB00EEE470 /* SearchViewController.swift in Sources */,
				34A5AE692820778E00EEE470 /* HomeViewController.swift in Sources */,
				34A5AE652820778E00EEE470 /* AppDelegate.swift in Sources */,
				342CFB6028212DB900CDF615 /* CocktailCollectionViewCell.swift in Sources */,
				3453BC592826951D009DBA59 /* IngredientTableViewCell.swift in Sources */,
				342CFB5B2821234100CDF615 /* APICaller.swift in Sources */,
				3453BC55282653CD009DBA59 /* CocktailDetailViewController.swift in Sources */,
				3453BC572826824E009DBA59 /* Cocktail.swift in Sources */,
				34A5AE80282078E000EEE470 /* NearMeViewController.swift in Sources */,
				34A5AE85282081E000EEE470 /* CollectionViewTableViewCell.swift in Sources */,
				34A5AE79282077F200EEE470 /* MainTabBarController.swift in Sources */,
				34A5AE7B2820787500EEE470 /* FavouritesViewController.swift in Sources */,
				342CFB5828211DFA00CDF615 /* CocktailsHeaderView.swift in Sources */,
				34A5AE672820778E00EEE470 /* SceneDelegate.swift in Sources */,
			);
			runOnlyForDeploymentPostprocessing = 0;
		};
/* End PBXSourcesBuildPhase section */

/* Begin PBXVariantGroup section */
		34A5AE6F2820779100EEE470 /* LaunchScreen.storyboard */ = {
			isa = PBXVariantGroup;
			children = (
				34A5AE702820779100EEE470 /* Base */,
			);
			name = LaunchScreen.storyboard;
			sourceTree = "<group>";
		};
/* End PBXVariantGroup section */

/* Begin XCBuildConfiguration section */
		34A5AE732820779100EEE470 /* Debug */ = {
			isa = XCBuildConfiguration;
			buildSettings = {
				ALWAYS_SEARCH_USER_PATHS = NO;
				CLANG_ANALYZER_NONNULL = YES;
				CLANG_ANALYZER_NUMBER_OBJECT_CONVERSION = YES_AGGRESSIVE;
				CLANG_CXX_LANGUAGE_STANDARD = "gnu++17";
				CLANG_ENABLE_MODULES = YES;
				CLANG_ENABLE_OBJC_ARC = YES;
				CLANG_ENABLE_OBJC_WEAK = YES;
				CLANG_WARN_BLOCK_CAPTURE_AUTORELEASING = YES;
				CLANG_WARN_BOOL_CONVERSION = YES;
				CLANG_WARN_COMMA = YES;
				CLANG_WARN_CONSTANT_CONVERSION = YES;
				CLANG_WARN_DEPRECATED_OBJC_IMPLEMENTATIONS = YES;
				CLANG_WARN_DIRECT_OBJC_ISA_USAGE = YES_ERROR;
				CLANG_WARN_DOCUMENTATION_COMMENTS = YES;
				CLANG_WARN_EMPTY_BODY = YES;
				CLANG_WARN_ENUM_CONVERSION = YES;
				CLANG_WARN_INFINITE_RECURSION = YES;
				CLANG_WARN_INT_CONVERSION = YES;
				CLANG_WARN_NON_LITERAL_NULL_CONVERSION = YES;
				CLANG_WARN_OBJC_IMPLICIT_RETAIN_SELF = YES;
				CLANG_WARN_OBJC_LITERAL_CONVERSION = YES;
				CLANG_WARN_OBJC_ROOT_CLASS = YES_ERROR;
				CLANG_WARN_QUOTED_INCLUDE_IN_FRAMEWORK_HEADER = YES;
				CLANG_WARN_RANGE_LOOP_ANALYSIS = YES;
				CLANG_WARN_STRICT_PROTOTYPES = YES;
				CLANG_WARN_SUSPICIOUS_MOVE = YES;
				CLANG_WARN_UNGUARDED_AVAILABILITY = YES_AGGRESSIVE;
				CLANG_WARN_UNREACHABLE_CODE = YES;
				CLANG_WARN__DUPLICATE_METHOD_MATCH = YES;
				COPY_PHASE_STRIP = NO;
				DEBUG_INFORMATION_FORMAT = dwarf;
				ENABLE_STRICT_OBJC_MSGSEND = YES;
				ENABLE_TESTABILITY = YES;
				GCC_C_LANGUAGE_STANDARD = gnu11;
				GCC_DYNAMIC_NO_PIC = NO;
				GCC_NO_COMMON_BLOCKS = YES;
				GCC_OPTIMIZATION_LEVEL = 0;
				GCC_PREPROCESSOR_DEFINITIONS = (
					"DEBUG=1",
					"$(inherited)",
				);
				GCC_WARN_64_TO_32_BIT_CONVERSION = YES;
				GCC_WARN_ABOUT_RETURN_TYPE = YES_ERROR;
				GCC_WARN_UNDECLARED_SELECTOR = YES;
				GCC_WARN_UNINITIALIZED_AUTOS = YES_AGGRESSIVE;
				GCC_WARN_UNUSED_FUNCTION = YES;
				GCC_WARN_UNUSED_VARIABLE = YES;
				IPHONEOS_DEPLOYMENT_TARGET = 15.4;
				MTL_ENABLE_DEBUG_INFO = INCLUDE_SOURCE;
				MTL_FAST_MATH = YES;
				ONLY_ACTIVE_ARCH = YES;
				SDKROOT = iphoneos;
				SWIFT_ACTIVE_COMPILATION_CONDITIONS = DEBUG;
				SWIFT_OPTIMIZATION_LEVEL = "-Onone";
			};
			name = Debug;
		};
		34A5AE742820779100EEE470 /* Release */ = {
			isa = XCBuildConfiguration;
			buildSettings = {
				ALWAYS_SEARCH_USER_PATHS = NO;
				CLANG_ANALYZER_NONNULL = YES;
				CLANG_ANALYZER_NUMBER_OBJECT_CONVERSION = YES_AGGRESSIVE;
				CLANG_CXX_LANGUAGE_STANDARD = "gnu++17";
				CLANG_ENABLE_MODULES = YES;
				CLANG_ENABLE_OBJC_ARC = YES;
				CLANG_ENABLE_OBJC_WEAK = YES;
				CLANG_WARN_BLOCK_CAPTURE_AUTORELEASING = YES;
				CLANG_WARN_BOOL_CONVERSION = YES;
				CLANG_WARN_COMMA = YES;
				CLANG_WARN_CONSTANT_CONVERSION = YES;
				CLANG_WARN_DEPRECATED_OBJC_IMPLEMENTATIONS = YES;
				CLANG_WARN_DIRECT_OBJC_ISA_USAGE = YES_ERROR;
				CLANG_WARN_DOCUMENTATION_COMMENTS = YES;
				CLANG_WARN_EMPTY_BODY = YES;
				CLANG_WARN_ENUM_CONVERSION = YES;
				CLANG_WARN_INFINITE_RECURSION = YES;
				CLANG_WARN_INT_CONVERSION = YES;
				CLANG_WARN_NON_LITERAL_NULL_CONVERSION = YES;
				CLANG_WARN_OBJC_IMPLICIT_RETAIN_SELF = YES;
				CLANG_WARN_OBJC_LITERAL_CONVERSION = YES;
				CLANG_WARN_OBJC_ROOT_CLASS = YES_ERROR;
				CLANG_WARN_QUOTED_INCLUDE_IN_FRAMEWORK_HEADER = YES;
				CLANG_WARN_RANGE_LOOP_ANALYSIS = YES;
				CLANG_WARN_STRICT_PROTOTYPES = YES;
				CLANG_WARN_SUSPICIOUS_MOVE = YES;
				CLANG_WARN_UNGUARDED_AVAILABILITY = YES_AGGRESSIVE;
				CLANG_WARN_UNREACHABLE_CODE = YES;
				CLANG_WARN__DUPLICATE_METHOD_MATCH = YES;
				COPY_PHASE_STRIP = NO;
				DEBUG_INFORMATION_FORMAT = "dwarf-with-dsym";
				ENABLE_NS_ASSERTIONS = NO;
				ENABLE_STRICT_OBJC_MSGSEND = YES;
				GCC_C_LANGUAGE_STANDARD = gnu11;
				GCC_NO_COMMON_BLOCKS = YES;
				GCC_WARN_64_TO_32_BIT_CONVERSION = YES;
				GCC_WARN_ABOUT_RETURN_TYPE = YES_ERROR;
				GCC_WARN_UNDECLARED_SELECTOR = YES;
				GCC_WARN_UNINITIALIZED_AUTOS = YES_AGGRESSIVE;
				GCC_WARN_UNUSED_FUNCTION = YES;
				GCC_WARN_UNUSED_VARIABLE = YES;
				IPHONEOS_DEPLOYMENT_TARGET = 15.4;
				MTL_ENABLE_DEBUG_INFO = NO;
				MTL_FAST_MATH = YES;
				SDKROOT = iphoneos;
				SWIFT_COMPILATION_MODE = wholemodule;
				SWIFT_OPTIMIZATION_LEVEL = "-O";
				VALIDATE_PRODUCT = YES;
			};
			name = Release;
		};
		34A5AE762820779100EEE470 /* Debug */ = {
			isa = XCBuildConfiguration;
			buildSettings = {
				ASSETCATALOG_COMPILER_APPICON_NAME = AppIcon;
				ASSETCATALOG_COMPILER_GLOBAL_ACCENT_COLOR_NAME = AccentColor;
				CODE_SIGN_STYLE = Automatic;
				CURRENT_PROJECT_VERSION = 1;
				DEVELOPMENT_TEAM = 958D9K53BF;
				GENERATE_INFOPLIST_FILE = YES;
				INFOPLIST_FILE = Cocktails/Info.plist;
				INFOPLIST_KEY_UIApplicationSupportsIndirectInputEvents = YES;
				INFOPLIST_KEY_UILaunchStoryboardName = LaunchScreen;
				INFOPLIST_KEY_UISupportedInterfaceOrientations = UIInterfaceOrientationPortrait;
				INFOPLIST_KEY_UISupportedInterfaceOrientations_iPad = "UIInterfaceOrientationPortrait UIInterfaceOrientationPortraitUpsideDown UIInterfaceOrientationLandscapeLeft UIInterfaceOrientationLandscapeRight";
				INFOPLIST_KEY_UISupportedInterfaceOrientations_iPhone = UIInterfaceOrientationPortrait;
				LD_RUNPATH_SEARCH_PATHS = (
					"$(inherited)",
					"@executable_path/Frameworks",
				);
				MARKETING_VERSION = 1.0;
				PRODUCT_BUNDLE_IDENTIFIER = com.jdzieciol.Cocktails;
				PRODUCT_NAME = "$(TARGET_NAME)";
				SWIFT_EMIT_LOC_STRINGS = YES;
				SWIFT_VERSION = 5.0;
				TARGETED_DEVICE_FAMILY = "1,2";
			};
			name = Debug;
		};
		34A5AE772820779100EEE470 /* Release */ = {
			isa = XCBuildConfiguration;
			buildSettings = {
				ASSETCATALOG_COMPILER_APPICON_NAME = AppIcon;
				ASSETCATALOG_COMPILER_GLOBAL_ACCENT_COLOR_NAME = AccentColor;
				CODE_SIGN_STYLE = Automatic;
				CURRENT_PROJECT_VERSION = 1;
				DEVELOPMENT_TEAM = 958D9K53BF;
				GENERATE_INFOPLIST_FILE = YES;
				INFOPLIST_FILE = Cocktails/Info.plist;
				INFOPLIST_KEY_UIApplicationSupportsIndirectInputEvents = YES;
				INFOPLIST_KEY_UILaunchStoryboardName = LaunchScreen;
				INFOPLIST_KEY_UISupportedInterfaceOrientations = UIInterfaceOrientationPortrait;
				INFOPLIST_KEY_UISupportedInterfaceOrientations_iPad = "UIInterfaceOrientationPortrait UIInterfaceOrientationPortraitUpsideDown UIInterfaceOrientationLandscapeLeft UIInterfaceOrientationLandscapeRight";
				INFOPLIST_KEY_UISupportedInterfaceOrientations_iPhone = UIInterfaceOrientationPortrait;
				LD_RUNPATH_SEARCH_PATHS = (
					"$(inherited)",
					"@executable_path/Frameworks",
				);
				MARKETING_VERSION = 1.0;
				PRODUCT_BUNDLE_IDENTIFIER = com.jdzieciol.Cocktails;
				PRODUCT_NAME = "$(TARGET_NAME)";
				SWIFT_EMIT_LOC_STRINGS = YES;
				SWIFT_VERSION = 5.0;
				TARGETED_DEVICE_FAMILY = "1,2";
			};
			name = Release;
		};
/* End XCBuildConfiguration section */

/* Begin XCConfigurationList section */
		34A5AE5C2820778E00EEE470 /* Build configuration list for PBXProject "Cocktails" */ = {
			isa = XCConfigurationList;
			buildConfigurations = (
				34A5AE732820779100EEE470 /* Debug */,
				34A5AE742820779100EEE470 /* Release */,
			);
			defaultConfigurationIsVisible = 0;
			defaultConfigurationName = Release;
		};
		34A5AE752820779100EEE470 /* Build configuration list for PBXNativeTarget "Cocktails" */ = {
			isa = XCConfigurationList;
			buildConfigurations = (
				34A5AE762820779100EEE470 /* Debug */,
				34A5AE772820779100EEE470 /* Release */,
			);
			defaultConfigurationIsVisible = 0;
			defaultConfigurationName = Release;
		};
/* End XCConfigurationList section */

/* Begin XCRemoteSwiftPackageReference section */
		342CFB6128212FA800CDF615 /* XCRemoteSwiftPackageReference "SDWebImage" */ = {
			isa = XCRemoteSwiftPackageReference;
			repositoryURL = "https://github.com/SDWebImage/SDWebImage";
			requirement = {
				branch = master;
				kind = branch;
			};
		};
		3453BC5A2826A611009DBA59 /* XCRemoteSwiftPackageReference "swift-collections" */ = {
			isa = XCRemoteSwiftPackageReference;
			repositoryURL = "https://github.com/apple/swift-collections.git";
			requirement = {
				kind = upToNextMajorVersion;
				minimumVersion = 1.0.0;
			};
		};
/* End XCRemoteSwiftPackageReference section */

/* Begin XCSwiftPackageProductDependency section */
		342CFB6228212FA800CDF615 /* SDWebImage */ = {
			isa = XCSwiftPackageProductDependency;
			package = 342CFB6128212FA800CDF615 /* XCRemoteSwiftPackageReference "SDWebImage" */;
			productName = SDWebImage;
		};
		342CFB6428212FA800CDF615 /* SDWebImageMapKit */ = {
			isa = XCSwiftPackageProductDependency;
			package = 342CFB6128212FA800CDF615 /* XCRemoteSwiftPackageReference "SDWebImage" */;
			productName = SDWebImageMapKit;
		};
		3453BC5B2826A611009DBA59 /* OrderedCollections */ = {
			isa = XCSwiftPackageProductDependency;
			package = 3453BC5A2826A611009DBA59 /* XCRemoteSwiftPackageReference "swift-collections" */;
			productName = OrderedCollections;
		};
/* End XCSwiftPackageProductDependency section */
	};
	rootObject = 34A5AE592820778E00EEE470 /* Project object */;
}
